
Microsoft Visual Studio Solution File, Format Version 12.00
# Visual Studio Version 17
VisualStudioVersion = 17.2.32630.192
MinimumVisualStudioVersion = 10.0.40219.1
Project("{FAE04EC0-301F-11D3-BF4B-00C04F79EFBC}") = "ExampleOfUse", "ExampleOfUse\ExampleOfUse.csproj", "{FAF16D0F-F388-4C67-A9BB-E5080E984D4D}"
EndProject
Project("{FAE04EC0-301F-11D3-BF4B-00C04F79EFBC}") = "MainLibrary", "MainLibrary\MainLibrary.csproj", "{AFD134C2-2300-4600-9F69-07CBCB5F04D1}"
EndProject
Global
	GlobalSection(SolutionConfigurationPlatforms) = preSolution
		Debug|Any CPU = Debug|Any CPU
		Release|Any CPU = Release|Any CPU
	EndGlobalSection
	GlobalSection(ProjectConfigurationPlatforms) = postSolution
		{FAF16D0F-F388-4C67-A9BB-E5080E984D4D}.Debug|Any CPU.ActiveCfg = Debug|Any CPU
		{FAF16D0F-F388-4C67-A9BB-E5080E984D4D}.Debug|Any CPU.Build.0 = Debug|Any CPU
		{FAF16D0F-F388-4C67-A9BB-E5080E984D4D}.Release|Any CPU.ActiveCfg = Release|Any CPU
		{FAF16D0F-F388-4C67-A9BB-E5080E984D4D}.Release|Any CPU.Build.0 = Release|Any CPU
		{AFD134C2-2300-4600-9F69-07CBCB5F04D1}.Debug|Any CPU.ActiveCfg = Debug|Any CPU
		{AFD134C2-2300-4600-9F69-07CBCB5F04D1}.Debug|Any CPU.Build.0 = Debug|Any CPU
		{AFD134C2-2300-4600-9F69-07CBCB5F04D1}.Release|Any CPU.ActiveCfg = Release|Any CPU
		{AFD134C2-2300-4600-9F69-07CBCB5F04D1}.Release|Any CPU.Build.0 = Release|Any CPU
	EndGlobalSection
	GlobalSection(SolutionProperties) = preSolution
		HideSolutionNode = FALSE
	EndGlobalSection
	GlobalSection(ExtensibilityGlobals) = postSolution
		SolutionGuid = {4A673FD5-FC30-4482-8200-5A28F14B2E2F}
	EndGlobalSection
EndGlobal
